
Microsoft Visual Studio Solution File, Format Version 12.00
# Visual Studio Version 16
VisualStudioVersion = 16.0.31911.196
MinimumVisualStudioVersion = 10.0.40219.1
Project("{FAE04EC0-301F-11D3-BF4B-00C04F79EFBC}") = "MusicApp", "MusicApp\MusicApp.csproj", "{25C82DDD-6C84-422E-835A-B0E819CBF0BB}"
EndProject
Global
	GlobalSection(SolutionConfigurationPlatforms) = preSolution
		Debug|Any CPU = Debug|Any CPU
		Release|Any CPU = Release|Any CPU
	EndGlobalSection
	GlobalSection(ProjectConfigurationPlatforms) = postSolution
		{25C82DDD-6C84-422E-835A-B0E819CBF0BB}.Debug|Any CPU.ActiveCfg = Debug|Any CPU
		{25C82DDD-6C84-422E-835A-B0E819CBF0BB}.Debug|Any CPU.Build.0 = Debug|Any CPU
		{25C82DDD-6C84-422E-835A-B0E819CBF0BB}.Release|Any CPU.ActiveCfg = Release|Any CPU
		{25C82DDD-6C84-422E-835A-B0E819CBF0BB}.Release|Any CPU.Build.0 = Release|Any CPU
	EndGlobalSection
	GlobalSection(SolutionProperties) = preSolution
		HideSolutionNode = FALSE
	EndGlobalSection
	GlobalSection(ExtensibilityGlobals) = postSolution
		SolutionGuid = {5C073C12-E273-483D-9B52-5FEE36C74848}
	EndGlobalSection
EndGlobal
